
Microsoft Visual Studio Solution File, Format Version 12.00
# Visual Studio Version 17
VisualStudioVersion = 17.5.33516.290
MinimumVisualStudioVersion = 10.0.40219.1
Project("{FAE04EC0-301F-11D3-BF4B-00C04F79EFBC}") = "Arranjos", "Arranjos\Arranjos.csproj", "{71690BC7-D105-4F7D-8A05-A981C7F3769C}"
EndProject
Global
	GlobalSection(SolutionConfigurationPlatforms) = preSolution
		Debug|Any CPU = Debug|Any CPU
		Release|Any CPU = Release|Any CPU
	EndGlobalSection
	GlobalSection(ProjectConfigurationPlatforms) = postSolution
		{71690BC7-D105-4F7D-8A05-A981C7F3769C}.Debug|Any CPU.ActiveCfg = Debug|Any CPU
		{71690BC7-D105-4F7D-8A05-A981C7F3769C}.Debug|Any CPU.Build.0 = Debug|Any CPU
		{71690BC7-D105-4F7D-8A05-A981C7F3769C}.Release|Any CPU.ActiveCfg = Release|Any CPU
		{71690BC7-D105-4F7D-8A05-A981C7F3769C}.Release|Any CPU.Build.0 = Release|Any CPU
	EndGlobalSection
	GlobalSection(SolutionProperties) = preSolution
		HideSolutionNode = FALSE
	EndGlobalSection
	GlobalSection(ExtensibilityGlobals) = postSolution
		SolutionGuid = {B3E393AD-25B1-41FD-8A57-698DAE56C9C6}
	EndGlobalSection
EndGlobal
