
Microsoft Visual Studio Solution File, Format Version 12.00
# Visual Studio Version 17
VisualStudioVersion = 17.5.33516.290
MinimumVisualStudioVersion = 10.0.40219.1
Project("{FAE04EC0-301F-11D3-BF4B-00C04F79EFBC}") = "TextEditor", "TextEditor\TextEditor.csproj", "{B418271D-2B30-45B4-A4ED-2A73424C43D5}"
EndProject
Global
	GlobalSection(SolutionConfigurationPlatforms) = preSolution
		Debug|Any CPU = Debug|Any CPU
		Release|Any CPU = Release|Any CPU
	EndGlobalSection
	GlobalSection(ProjectConfigurationPlatforms) = postSolution
		{B418271D-2B30-45B4-A4ED-2A73424C43D5}.Debug|Any CPU.ActiveCfg = Debug|Any CPU
		{B418271D-2B30-45B4-A4ED-2A73424C43D5}.Debug|Any CPU.Build.0 = Debug|Any CPU
		{B418271D-2B30-45B4-A4ED-2A73424C43D5}.Release|Any CPU.ActiveCfg = Release|Any CPU
		{B418271D-2B30-45B4-A4ED-2A73424C43D5}.Release|Any CPU.Build.0 = Release|Any CPU
	EndGlobalSection
	GlobalSection(SolutionProperties) = preSolution
		HideSolutionNode = FALSE
	EndGlobalSection
	GlobalSection(ExtensibilityGlobals) = postSolution
		SolutionGuid = {27594ED9-7B7E-4D17-8017-37A458E5CFAE}
	EndGlobalSection
EndGlobal
