
Microsoft Visual Studio Solution File, Format Version 12.00
# Visual Studio Version 17
VisualStudioVersion = 17.5.33516.290
MinimumVisualStudioVersion = 10.0.40219.1
Project("{FAE04EC0-301F-11D3-BF4B-00C04F79EFBC}") = "MediaEscolarGrafico", "MediaEscolarGrafico\MediaEscolarGrafico.csproj", "{0BA27F69-F232-42C2-9DE3-5EA90EF3D342}"
EndProject
Global
	GlobalSection(SolutionConfigurationPlatforms) = preSolution
		Debug|Any CPU = Debug|Any CPU
		Release|Any CPU = Release|Any CPU
	EndGlobalSection
	GlobalSection(ProjectConfigurationPlatforms) = postSolution
		{0BA27F69-F232-42C2-9DE3-5EA90EF3D342}.Debug|Any CPU.ActiveCfg = Debug|Any CPU
		{0BA27F69-F232-42C2-9DE3-5EA90EF3D342}.Debug|Any CPU.Build.0 = Debug|Any CPU
		{0BA27F69-F232-42C2-9DE3-5EA90EF3D342}.Release|Any CPU.ActiveCfg = Release|Any CPU
		{0BA27F69-F232-42C2-9DE3-5EA90EF3D342}.Release|Any CPU.Build.0 = Release|Any CPU
	EndGlobalSection
	GlobalSection(SolutionProperties) = preSolution
		HideSolutionNode = FALSE
	EndGlobalSection
	GlobalSection(ExtensibilityGlobals) = postSolution
		SolutionGuid = {D10EC963-9523-4B43-9B82-6D1B52588867}
	EndGlobalSection
EndGlobal
