
Microsoft Visual Studio Solution File, Format Version 12.00
# Visual Studio Version 17
VisualStudioVersion = 17.5.33516.290
MinimumVisualStudioVersion = 10.0.40219.1
Project("{FAE04EC0-301F-11D3-BF4B-00C04F79EFBC}") = "FatorialDo", "FatorialDo\FatorialDo.csproj", "{3903A3FB-CCA6-4913-A1C3-D8F160EBC748}"
EndProject
Global
	GlobalSection(SolutionConfigurationPlatforms) = preSolution
		Debug|Any CPU = Debug|Any CPU
		Release|Any CPU = Release|Any CPU
	EndGlobalSection
	GlobalSection(ProjectConfigurationPlatforms) = postSolution
		{3903A3FB-CCA6-4913-A1C3-D8F160EBC748}.Debug|Any CPU.ActiveCfg = Debug|Any CPU
		{3903A3FB-CCA6-4913-A1C3-D8F160EBC748}.Debug|Any CPU.Build.0 = Debug|Any CPU
		{3903A3FB-CCA6-4913-A1C3-D8F160EBC748}.Release|Any CPU.ActiveCfg = Release|Any CPU
		{3903A3FB-CCA6-4913-A1C3-D8F160EBC748}.Release|Any CPU.Build.0 = Release|Any CPU
	EndGlobalSection
	GlobalSection(SolutionProperties) = preSolution
		HideSolutionNode = FALSE
	EndGlobalSection
	GlobalSection(ExtensibilityGlobals) = postSolution
		SolutionGuid = {EFE87972-A912-45D0-A331-0849824F2B1B}
	EndGlobalSection
EndGlobal
