
Microsoft Visual Studio Solution File, Format Version 12.00
# Visual Studio Version 17
VisualStudioVersion = 17.5.33516.290
MinimumVisualStudioVersion = 10.0.40219.1
Project("{FAE04EC0-301F-11D3-BF4B-00C04F79EFBC}") = "PooExe", "PooExe\PooExe.csproj", "{D5327BB6-E78D-42D8-9389-DA0719619F73}"
EndProject
Global
	GlobalSection(SolutionConfigurationPlatforms) = preSolution
		Debug|Any CPU = Debug|Any CPU
		Release|Any CPU = Release|Any CPU
	EndGlobalSection
	GlobalSection(ProjectConfigurationPlatforms) = postSolution
		{D5327BB6-E78D-42D8-9389-DA0719619F73}.Debug|Any CPU.ActiveCfg = Debug|Any CPU
		{D5327BB6-E78D-42D8-9389-DA0719619F73}.Debug|Any CPU.Build.0 = Debug|Any CPU
		{D5327BB6-E78D-42D8-9389-DA0719619F73}.Release|Any CPU.ActiveCfg = Release|Any CPU
		{D5327BB6-E78D-42D8-9389-DA0719619F73}.Release|Any CPU.Build.0 = Release|Any CPU
	EndGlobalSection
	GlobalSection(SolutionProperties) = preSolution
		HideSolutionNode = FALSE
	EndGlobalSection
	GlobalSection(ExtensibilityGlobals) = postSolution
		SolutionGuid = {0DA0C503-9543-4109-847A-3BA37084D2C5}
	EndGlobalSection
EndGlobal
