
Microsoft Visual Studio Solution File, Format Version 12.00
# Visual Studio Version 17
VisualStudioVersion = 17.5.33516.290
MinimumVisualStudioVersion = 10.0.40219.1
Project("{FAE04EC0-301F-11D3-BF4B-00C04F79EFBC}") = "Programa1", "Programa1\Programa1.csproj", "{BFF86EDB-5B40-4E0C-A344-4F22DD13D565}"
EndProject
Global
	GlobalSection(SolutionConfigurationPlatforms) = preSolution
		Debug|Any CPU = Debug|Any CPU
		Release|Any CPU = Release|Any CPU
	EndGlobalSection
	GlobalSection(ProjectConfigurationPlatforms) = postSolution
		{BFF86EDB-5B40-4E0C-A344-4F22DD13D565}.Debug|Any CPU.ActiveCfg = Debug|Any CPU
		{BFF86EDB-5B40-4E0C-A344-4F22DD13D565}.Debug|Any CPU.Build.0 = Debug|Any CPU
		{BFF86EDB-5B40-4E0C-A344-4F22DD13D565}.Release|Any CPU.ActiveCfg = Release|Any CPU
		{BFF86EDB-5B40-4E0C-A344-4F22DD13D565}.Release|Any CPU.Build.0 = Release|Any CPU
	EndGlobalSection
	GlobalSection(SolutionProperties) = preSolution
		HideSolutionNode = FALSE
	EndGlobalSection
	GlobalSection(ExtensibilityGlobals) = postSolution
		SolutionGuid = {F8951886-7C38-4FC1-8A62-54FDC583FF93}
	EndGlobalSection
EndGlobal
