
Microsoft Visual Studio Solution File, Format Version 12.00
# Visual Studio Version 17
VisualStudioVersion = 17.5.33516.290
MinimumVisualStudioVersion = 10.0.40219.1
Project("{FAE04EC0-301F-11D3-BF4B-00C04F79EFBC}") = "Contato", "Contato\Contato.csproj", "{D436C0AC-54EF-4BE0-9C2D-443B6F3B0B2B}"
EndProject
Global
	GlobalSection(SolutionConfigurationPlatforms) = preSolution
		Debug|Any CPU = Debug|Any CPU
		Release|Any CPU = Release|Any CPU
	EndGlobalSection
	GlobalSection(ProjectConfigurationPlatforms) = postSolution
		{D436C0AC-54EF-4BE0-9C2D-443B6F3B0B2B}.Debug|Any CPU.ActiveCfg = Debug|Any CPU
		{D436C0AC-54EF-4BE0-9C2D-443B6F3B0B2B}.Debug|Any CPU.Build.0 = Debug|Any CPU
		{D436C0AC-54EF-4BE0-9C2D-443B6F3B0B2B}.Release|Any CPU.ActiveCfg = Release|Any CPU
		{D436C0AC-54EF-4BE0-9C2D-443B6F3B0B2B}.Release|Any CPU.Build.0 = Release|Any CPU
	EndGlobalSection
	GlobalSection(SolutionProperties) = preSolution
		HideSolutionNode = FALSE
	EndGlobalSection
	GlobalSection(ExtensibilityGlobals) = postSolution
		SolutionGuid = {842C7FF2-95F8-43B8-A0A8-AAE2B6DB66A3}
	EndGlobalSection
EndGlobal
