
Microsoft Visual Studio Solution File, Format Version 12.00
# Visual Studio Version 17
VisualStudioVersion = 17.5.33516.290
MinimumVisualStudioVersion = 10.0.40219.1
Project("{FAE04EC0-301F-11D3-BF4B-00C04F79EFBC}") = "Heranca", "Heranca\Heranca.csproj", "{D8A24073-5098-4419-9E52-50481B116D87}"
EndProject
Global
	GlobalSection(SolutionConfigurationPlatforms) = preSolution
		Debug|Any CPU = Debug|Any CPU
		Release|Any CPU = Release|Any CPU
	EndGlobalSection
	GlobalSection(ProjectConfigurationPlatforms) = postSolution
		{D8A24073-5098-4419-9E52-50481B116D87}.Debug|Any CPU.ActiveCfg = Debug|Any CPU
		{D8A24073-5098-4419-9E52-50481B116D87}.Debug|Any CPU.Build.0 = Debug|Any CPU
		{D8A24073-5098-4419-9E52-50481B116D87}.Release|Any CPU.ActiveCfg = Release|Any CPU
		{D8A24073-5098-4419-9E52-50481B116D87}.Release|Any CPU.Build.0 = Release|Any CPU
	EndGlobalSection
	GlobalSection(SolutionProperties) = preSolution
		HideSolutionNode = FALSE
	EndGlobalSection
	GlobalSection(ExtensibilityGlobals) = postSolution
		SolutionGuid = {16561F7A-A41B-4F1F-BDD5-D72BB61D80EB}
	EndGlobalSection
EndGlobal
