
Microsoft Visual Studio Solution File, Format Version 12.00
# Visual Studio Version 17
VisualStudioVersion = 17.5.33516.290
MinimumVisualStudioVersion = 10.0.40219.1
Project("{FAE04EC0-301F-11D3-BF4B-00C04F79EFBC}") = "This", "This\This.csproj", "{163550E5-4EB1-4068-BE99-D4E3384A43C8}"
EndProject
Global
	GlobalSection(SolutionConfigurationPlatforms) = preSolution
		Debug|Any CPU = Debug|Any CPU
		Release|Any CPU = Release|Any CPU
	EndGlobalSection
	GlobalSection(ProjectConfigurationPlatforms) = postSolution
		{163550E5-4EB1-4068-BE99-D4E3384A43C8}.Debug|Any CPU.ActiveCfg = Debug|Any CPU
		{163550E5-4EB1-4068-BE99-D4E3384A43C8}.Debug|Any CPU.Build.0 = Debug|Any CPU
		{163550E5-4EB1-4068-BE99-D4E3384A43C8}.Release|Any CPU.ActiveCfg = Release|Any CPU
		{163550E5-4EB1-4068-BE99-D4E3384A43C8}.Release|Any CPU.Build.0 = Release|Any CPU
	EndGlobalSection
	GlobalSection(SolutionProperties) = preSolution
		HideSolutionNode = FALSE
	EndGlobalSection
	GlobalSection(ExtensibilityGlobals) = postSolution
		SolutionGuid = {B9F97600-D202-4BFF-8273-3660A5E72548}
	EndGlobalSection
EndGlobal
