
Microsoft Visual Studio Solution File, Format Version 12.00
# Visual Studio Version 17
VisualStudioVersion = 17.5.33516.290
MinimumVisualStudioVersion = 10.0.40219.1
Project("{FAE04EC0-301F-11D3-BF4B-00C04F79EFBC}") = "FartorialFor", "FartorialFor\FartorialFor.csproj", "{01C85770-B602-4286-B2BE-72024A7C3CE3}"
EndProject
Global
	GlobalSection(SolutionConfigurationPlatforms) = preSolution
		Debug|Any CPU = Debug|Any CPU
		Release|Any CPU = Release|Any CPU
	EndGlobalSection
	GlobalSection(ProjectConfigurationPlatforms) = postSolution
		{01C85770-B602-4286-B2BE-72024A7C3CE3}.Debug|Any CPU.ActiveCfg = Debug|Any CPU
		{01C85770-B602-4286-B2BE-72024A7C3CE3}.Debug|Any CPU.Build.0 = Debug|Any CPU
		{01C85770-B602-4286-B2BE-72024A7C3CE3}.Release|Any CPU.ActiveCfg = Release|Any CPU
		{01C85770-B602-4286-B2BE-72024A7C3CE3}.Release|Any CPU.Build.0 = Release|Any CPU
	EndGlobalSection
	GlobalSection(SolutionProperties) = preSolution
		HideSolutionNode = FALSE
	EndGlobalSection
	GlobalSection(ExtensibilityGlobals) = postSolution
		SolutionGuid = {0CF84E0F-3681-45A2-9D16-76F4772C47D0}
	EndGlobalSection
EndGlobal
